<Solution>
  <Project Path="AppearanceMemory/AppearanceMemory.csproj" />
  <Project Path="CrisperImages/CrisperImages.csproj" />
  <Project Path="DeeperZoom/DeeperZoom.csproj" />
  <Project Path="Experimental/Experimental.csproj" />
  <Project Path="PanAnywhere/PanAnywhere.csproj" />
  <Project Path="PieceFreeze/PieceFreeze.csproj" />
  <Project Path="ZoomToCursor/ZoomToCursor.csproj" />
</Solution>
